
Microsoft Visual Studio Solution File, Format Version 12.00
# Visual Studio Version 17
VisualStudioVersion = 17.3.32929.385
MinimumVisualStudioVersion = 10.0.40219.1
Project("{FAE04EC0-301F-11D3-BF4B-00C04F79EFBC}") = "Currency-Api_Handler", "Currency-Api_Handler.csproj", "{758F218D-F47C-42C8-A5BA-D89F67FEF6C9}"
EndProject
Global
	GlobalSection(SolutionConfigurationPlatforms) = preSolution
		Debug|Any CPU = Debug|Any CPU
		Release|Any CPU = Release|Any CPU
	EndGlobalSection
	GlobalSection(ProjectConfigurationPlatforms) = postSolution
		{758F218D-F47C-42C8-A5BA-D89F67FEF6C9}.Debug|Any CPU.ActiveCfg = Debug|Any CPU
		{758F218D-F47C-42C8-A5BA-D89F67FEF6C9}.Debug|Any CPU.Build.0 = Debug|Any CPU
		{758F218D-F47C-42C8-A5BA-D89F67FEF6C9}.Release|Any CPU.ActiveCfg = Release|Any CPU
		{758F218D-F47C-42C8-A5BA-D89F67FEF6C9}.Release|Any CPU.Build.0 = Release|Any CPU
	EndGlobalSection
	GlobalSection(SolutionProperties) = preSolution
		HideSolutionNode = FALSE
	EndGlobalSection
	GlobalSection(ExtensibilityGlobals) = postSolution
		SolutionGuid = {C982FA1A-0C54-437C-9727-7D926BAA0435}
	EndGlobalSection
EndGlobal
